
Microsoft Visual Studio Solution File, Format Version 12.00
# Visual Studio Version 17
VisualStudioVersion = 17.5.33414.496
MinimumVisualStudioVersion = 10.0.40219.1
Project("{FAE04EC0-301F-11D3-BF4B-00C04F79EFBC}") = "F1Network", "F1Network\F1Network.csproj", "{30EE95DE-9F91-4E59-80F5-90AB9ACEABDF}"
EndProject
Global
	GlobalSection(SolutionConfigurationPlatforms) = preSolution
		Debug|Any CPU = Debug|Any CPU
		Release|Any CPU = Release|Any CPU
	EndGlobalSection
	GlobalSection(ProjectConfigurationPlatforms) = postSolution
		{30EE95DE-9F91-4E59-80F5-90AB9ACEABDF}.Debug|Any CPU.ActiveCfg = Debug|Any CPU
		{30EE95DE-9F91-4E59-80F5-90AB9ACEABDF}.Debug|Any CPU.Build.0 = Debug|Any CPU
		{30EE95DE-9F91-4E59-80F5-90AB9ACEABDF}.Release|Any CPU.ActiveCfg = Release|Any CPU
		{30EE95DE-9F91-4E59-80F5-90AB9ACEABDF}.Release|Any CPU.Build.0 = Release|Any CPU
	EndGlobalSection
	GlobalSection(SolutionProperties) = preSolution
		HideSolutionNode = FALSE
	EndGlobalSection
	GlobalSection(ExtensibilityGlobals) = postSolution
		SolutionGuid = {6201BF81-5FD2-4FFA-994F-33030EBDCFB6}
	EndGlobalSection
EndGlobal
